
Microsoft Visual Studio Solution File, Format Version 12.00
# Visual Studio Version 16
VisualStudioVersion = 16.0.30114.105
MinimumVisualStudioVersion = 10.0.40219.1
Project("{FAE04EC0-301F-11D3-BF4B-00C04F79EFBC}") = "Rijndael", "Rijndael\Rijndael.csproj", "{3B769009-AABA-4268-BFB0-3DCDD97B2157}"
EndProject
Global
	GlobalSection(SolutionConfigurationPlatforms) = preSolution
		Debug|Any CPU = Debug|Any CPU
		Release|Any CPU = Release|Any CPU
	EndGlobalSection
	GlobalSection(ProjectConfigurationPlatforms) = postSolution
		{3B769009-AABA-4268-BFB0-3DCDD97B2157}.Debug|Any CPU.ActiveCfg = Debug|Any CPU
		{3B769009-AABA-4268-BFB0-3DCDD97B2157}.Debug|Any CPU.Build.0 = Debug|Any CPU
		{3B769009-AABA-4268-BFB0-3DCDD97B2157}.Release|Any CPU.ActiveCfg = Release|Any CPU
		{3B769009-AABA-4268-BFB0-3DCDD97B2157}.Release|Any CPU.Build.0 = Release|Any CPU
	EndGlobalSection
	GlobalSection(SolutionProperties) = preSolution
		HideSolutionNode = FALSE
	EndGlobalSection
	GlobalSection(ExtensibilityGlobals) = postSolution
		SolutionGuid = {463ECC20-C3CB-4A6D-A74D-8ADD2BFD4A0B}
	EndGlobalSection
EndGlobal
